
Microsoft Visual Studio Solution File, Format Version 12.00
# Visual Studio Version 16
VisualStudioVersion = 16.0.31702.278
MinimumVisualStudioVersion = 10.0.40219.1
Project("{FAE04EC0-301F-11D3-BF4B-00C04F79EFBC}") = "ChatWebSocketConTpc", "ChatWebSocketConTpc\ChatWebSocketConTpc.csproj", "{CD57BDD5-2093-4ED2-88CE-A1AE89B2CFCF}"
EndProject
Global
	GlobalSection(SolutionConfigurationPlatforms) = preSolution
		Debug|Any CPU = Debug|Any CPU
		Release|Any CPU = Release|Any CPU
	EndGlobalSection
	GlobalSection(ProjectConfigurationPlatforms) = postSolution
		{CD57BDD5-2093-4ED2-88CE-A1AE89B2CFCF}.Debug|Any CPU.ActiveCfg = Debug|Any CPU
		{CD57BDD5-2093-4ED2-88CE-A1AE89B2CFCF}.Debug|Any CPU.Build.0 = Debug|Any CPU
		{CD57BDD5-2093-4ED2-88CE-A1AE89B2CFCF}.Release|Any CPU.ActiveCfg = Release|Any CPU
		{CD57BDD5-2093-4ED2-88CE-A1AE89B2CFCF}.Release|Any CPU.Build.0 = Release|Any CPU
	EndGlobalSection
	GlobalSection(SolutionProperties) = preSolution
		HideSolutionNode = FALSE
	EndGlobalSection
	GlobalSection(ExtensibilityGlobals) = postSolution
		SolutionGuid = {35651DA9-2844-4973-8E5F-43462BA1E304}
	EndGlobalSection
EndGlobal
